
Microsoft Visual Studio Solution File, Format Version 12.00
# Visual Studio Version 17
VisualStudioVersion = 17.8.34309.116
MinimumVisualStudioVersion = 10.0.40219.1
Project("{FAE04EC0-301F-11D3-BF4B-00C04F79EFBC}") = "KP_DOLG_1", "KP_DOLG_1\KP_DOLG_1.csproj", "{FAE26BBF-916C-44B2-91DA-5ECBD38562F2}"
EndProject
Global
	GlobalSection(SolutionConfigurationPlatforms) = preSolution
		Debug|Any CPU = Debug|Any CPU
		Release|Any CPU = Release|Any CPU
	EndGlobalSection
	GlobalSection(ProjectConfigurationPlatforms) = postSolution
		{FAE26BBF-916C-44B2-91DA-5ECBD38562F2}.Debug|Any CPU.ActiveCfg = Debug|Any CPU
		{FAE26BBF-916C-44B2-91DA-5ECBD38562F2}.Debug|Any CPU.Build.0 = Debug|Any CPU
		{FAE26BBF-916C-44B2-91DA-5ECBD38562F2}.Release|Any CPU.ActiveCfg = Release|Any CPU
		{FAE26BBF-916C-44B2-91DA-5ECBD38562F2}.Release|Any CPU.Build.0 = Release|Any CPU
	EndGlobalSection
	GlobalSection(SolutionProperties) = preSolution
		HideSolutionNode = FALSE
	EndGlobalSection
	GlobalSection(ExtensibilityGlobals) = postSolution
		SolutionGuid = {84EF4EC3-4285-49EF-9124-0CF48922EA50}
	EndGlobalSection
EndGlobal
